
Microsoft Visual Studio Solution File, Format Version 12.00
# Visual Studio Version 17
VisualStudioVersion = 17.5.33414.496
MinimumVisualStudioVersion = 10.0.40219.1
Project("{FAE04EC0-301F-11D3-BF4B-00C04F79EFBC}") = "dot_Net_web_api", "dot_Net_web_api.csproj", "{2307C45A-B476-444E-9ABA-22BD9AB88DEB}"
EndProject
Global
	GlobalSection(SolutionConfigurationPlatforms) = preSolution
		Debug|Any CPU = Debug|Any CPU
		Release|Any CPU = Release|Any CPU
	EndGlobalSection
	GlobalSection(ProjectConfigurationPlatforms) = postSolution
		{2307C45A-B476-444E-9ABA-22BD9AB88DEB}.Debug|Any CPU.ActiveCfg = Debug|Any CPU
		{2307C45A-B476-444E-9ABA-22BD9AB88DEB}.Debug|Any CPU.Build.0 = Debug|Any CPU
		{2307C45A-B476-444E-9ABA-22BD9AB88DEB}.Release|Any CPU.ActiveCfg = Release|Any CPU
		{2307C45A-B476-444E-9ABA-22BD9AB88DEB}.Release|Any CPU.Build.0 = Release|Any CPU
	EndGlobalSection
	GlobalSection(SolutionProperties) = preSolution
		HideSolutionNode = FALSE
	EndGlobalSection
	GlobalSection(ExtensibilityGlobals) = postSolution
		SolutionGuid = {C5EF9659-4E3D-4780-B955-023EC68B42FD}
	EndGlobalSection
EndGlobal
